
Microsoft Visual Studio Solution File, Format Version 12.00
# Visual Studio Version 17
VisualStudioVersion = 17.3.32804.467
MinimumVisualStudioVersion = 10.0.40219.1
Project("{8BC9CEB8-8B4A-11D0-8D11-00A0C91BC942}") = "IntroductionToOOP", "IntroductionToOOP\IntroductionToOOP.vcxproj", "{F706B06B-6E0E-4DA2-BC47-FAEFFB7C6C27}"
EndProject
Project("{8BC9CEB8-8B4A-11D0-8D11-00A0C91BC942}") = "Fraction", "Fraction\Fraction.vcxproj", "{31F8ED62-82FD-4F4E-9509-9300ACF326C5}"
EndProject
Project("{8BC9CEB8-8B4A-11D0-8D11-00A0C91BC942}") = "String", "String\String.vcxproj", "{1C3E295A-7827-4497-A6CB-40BB34774AF0}"
EndProject
Global
	GlobalSection(SolutionConfigurationPlatforms) = preSolution
		Debug|x64 = Debug|x64
		Debug|x86 = Debug|x86
		Release|x64 = Release|x64
		Release|x86 = Release|x86
	EndGlobalSection
	GlobalSection(ProjectConfigurationPlatforms) = postSolution
		{F706B06B-6E0E-4DA2-BC47-FAEFFB7C6C27}.Debug|x64.ActiveCfg = Debug|x64
		{F706B06B-6E0E-4DA2-BC47-FAEFFB7C6C27}.Debug|x64.Build.0 = Debug|x64
		{F706B06B-6E0E-4DA2-BC47-FAEFFB7C6C27}.Debug|x86.ActiveCfg = Debug|Win32
		{F706B06B-6E0E-4DA2-BC47-FAEFFB7C6C27}.Debug|x86.Build.0 = Debug|Win32
		{F706B06B-6E0E-4DA2-BC47-FAEFFB7C6C27}.Release|x64.ActiveCfg = Release|x64
		{F706B06B-6E0E-4DA2-BC47-FAEFFB7C6C27}.Release|x64.Build.0 = Release|x64
		{F706B06B-6E0E-4DA2-BC47-FAEFFB7C6C27}.Release|x86.ActiveCfg = Release|Win32
		{F706B06B-6E0E-4DA2-BC47-FAEFFB7C6C27}.Release|x86.Build.0 = Release|Win32
		{31F8ED62-82FD-4F4E-9509-9300ACF326C5}.Debug|x64.ActiveCfg = Debug|x64
		{31F8ED62-82FD-4F4E-9509-9300ACF326C5}.Debug|x64.Build.0 = Debug|x64
		{31F8ED62-82FD-4F4E-9509-9300ACF326C5}.Debug|x86.ActiveCfg = Debug|Win32
		{31F8ED62-82FD-4F4E-9509-9300ACF326C5}.Debug|x86.Build.0 = Debug|Win32
		{31F8ED62-82FD-4F4E-9509-9300ACF326C5}.Release|x64.ActiveCfg = Release|x64
		{31F8ED62-82FD-4F4E-9509-9300ACF326C5}.Release|x64.Build.0 = Release|x64
		{31F8ED62-82FD-4F4E-9509-9300ACF326C5}.Release|x86.ActiveCfg = Release|Win32
		{31F8ED62-82FD-4F4E-9509-9300ACF326C5}.Release|x86.Build.0 = Release|Win32
		{1C3E295A-7827-4497-A6CB-40BB34774AF0}.Debug|x64.ActiveCfg = Debug|x64
		{1C3E295A-7827-4497-A6CB-40BB34774AF0}.Debug|x64.Build.0 = Debug|x64
		{1C3E295A-7827-4497-A6CB-40BB34774AF0}.Debug|x86.ActiveCfg = Debug|Win32
		{1C3E295A-7827-4497-A6CB-40BB34774AF0}.Debug|x86.Build.0 = Debug|Win32
		{1C3E295A-7827-4497-A6CB-40BB34774AF0}.Release|x64.ActiveCfg = Release|x64
		{1C3E295A-7827-4497-A6CB-40BB34774AF0}.Release|x64.Build.0 = Release|x64
		{1C3E295A-7827-4497-A6CB-40BB34774AF0}.Release|x86.ActiveCfg = Release|Win32
		{1C3E295A-7827-4497-A6CB-40BB34774AF0}.Release|x86.Build.0 = Release|Win32
	EndGlobalSection
	GlobalSection(SolutionProperties) = preSolution
		HideSolutionNode = FALSE
	EndGlobalSection
	GlobalSection(ExtensibilityGlobals) = postSolution
		SolutionGuid = {025B3F53-CBC4-411C-912C-39E957DE78C8}
	EndGlobalSection
EndGlobal
